{
  "name": "midi-gen",
  "version": "1.0.0",
  "lockfileVersion": 2,
  "requires": true,
  "packages": {
    "": {
      "name": "midi-gen",
      "version": "1.0.0",
      "license": "DBAD",
      "dependencies": {
        "jsmidgen": "^0.1.5",
        "midi-writer-js": "^2.0.1",
        "scribbletune": "^4.1.1",
        "vexflow": "^3.0.9"
      }
    },
    "node_modules/harmonics": {
      "version": "1.0.7",
      "resolved": "https://registry.npmjs.org/harmonics/-/harmonics-1.0.7.tgz",
      "integrity": "sha512-kvi3ZuZjVhnGMJb2MdYLttJoBqOEPomzfP9iIXIKWQxWsOxzkHww25uqK4Sk1mY4hiQba7QFYpZHLouqeoAO/w=="
    },
    "node_modules/jsmidgen": {
      "version": "0.1.5",
      "resolved": "https://registry.npmjs.org/jsmidgen/-/jsmidgen-0.1.5.tgz",
      "integrity": "sha1-rQr9Y3XrEvUQZAJTk847rsOAWF0="
    },
    "node_modules/midi-writer-js": {
      "version": "2.0.1",
      "resolved": "https://registry.npmjs.org/midi-writer-js/-/midi-writer-js-2.0.1.tgz",
      "integrity": "sha512-wVoE/o5Lyw2VQaUdnJQtqVhpEy9DlhlYQ/OkSCtJEhwodKXIXk/wfYQmjrVkW3abdZJqafnvPfSM50SvmSbltw==",
      "hasInstallScript": true,
      "dependencies": {
        "tonal-midi": "^0.69.7"
      }
    },
    "node_modules/note-parser": {
      "version": "2.0.1",
      "resolved": "https://registry.npmjs.org/note-parser/-/note-parser-2.0.1.tgz",
      "integrity": "sha1-JDj9V6RolLQCs6IHF5hmASnI+8E="
    },
    "node_modules/scribbletune": {
      "version": "4.1.1",
      "resolved": "https://registry.npmjs.org/scribbletune/-/scribbletune-4.1.1.tgz",
      "integrity": "sha512-7VL260Ec4Pl7Z+NLQdAMmy3vq4HOTbd27RWUVLSQH3CgkuFpXkReTFGDzOkVu59I/oVvBp8Rdh+qoVukdU+BqQ==",
      "dependencies": {
        "harmonics": "^1.0.7",
        "jsmidgen": "~0.1.5"
      },
      "engines": {
        "node": ">8.x.x"
      }
    },
    "node_modules/tonal-midi": {
      "version": "0.69.7",
      "resolved": "https://registry.npmjs.org/tonal-midi/-/tonal-midi-0.69.7.tgz",
      "integrity": "sha1-51Tsk/Pb2yim051CRXwzrSRf+kc=",
      "dependencies": {
        "note-parser": "^2.0.1"
      }
    },
    "node_modules/vexflow": {
      "version": "3.0.9",
      "resolved": "https://registry.npmjs.org/vexflow/-/vexflow-3.0.9.tgz",
      "integrity": "sha512-JzDUC3SZvyRxvALv0UrlgCJSH7WzNSShNjXK0rTWqDJscCcytrTWLT3LYtsDvby8qbszdaD708xOe9D79FLTFA=="
    }
  },
  "dependencies": {
    "harmonics": {
      "version": "1.0.7",
      "resolved": "https://registry.npmjs.org/harmonics/-/harmonics-1.0.7.tgz",
      "integrity": "sha512-kvi3ZuZjVhnGMJb2MdYLttJoBqOEPomzfP9iIXIKWQxWsOxzkHww25uqK4Sk1mY4hiQba7QFYpZHLouqeoAO/w=="
    },
    "jsmidgen": {
      "version": "0.1.5",
      "resolved": "https://registry.npmjs.org/jsmidgen/-/jsmidgen-0.1.5.tgz",
      "integrity": "sha1-rQr9Y3XrEvUQZAJTk847rsOAWF0="
    },
    "midi-writer-js": {
      "version": "2.0.1",
      "resolved": "https://registry.npmjs.org/midi-writer-js/-/midi-writer-js-2.0.1.tgz",
      "integrity": "sha512-wVoE/o5Lyw2VQaUdnJQtqVhpEy9DlhlYQ/OkSCtJEhwodKXIXk/wfYQmjrVkW3abdZJqafnvPfSM50SvmSbltw==",
      "requires": {
        "tonal-midi": "^0.69.7"
      }
    },
    "note-parser": {
      "version": "2.0.1",
      "resolved": "https://registry.npmjs.org/note-parser/-/note-parser-2.0.1.tgz",
      "integrity": "sha1-JDj9V6RolLQCs6IHF5hmASnI+8E="
    },
    "scribbletune": {
      "version": "4.1.1",
      "resolved": "https://registry.npmjs.org/scribbletune/-/scribbletune-4.1.1.tgz",
      "integrity": "sha512-7VL260Ec4Pl7Z+NLQdAMmy3vq4HOTbd27RWUVLSQH3CgkuFpXkReTFGDzOkVu59I/oVvBp8Rdh+qoVukdU+BqQ==",
      "requires": {
        "harmonics": "^1.0.7",
        "jsmidgen": "~0.1.5"
      }
    },
    "tonal-midi": {
      "version": "0.69.7",
      "resolved": "https://registry.npmjs.org/tonal-midi/-/tonal-midi-0.69.7.tgz",
      "integrity": "sha1-51Tsk/Pb2yim051CRXwzrSRf+kc=",
      "requires": {
        "note-parser": "^2.0.1"
      }
    },
    "vexflow": {
      "version": "3.0.9",
      "resolved": "https://registry.npmjs.org/vexflow/-/vexflow-3.0.9.tgz",
      "integrity": "sha512-JzDUC3SZvyRxvALv0UrlgCJSH7WzNSShNjXK0rTWqDJscCcytrTWLT3LYtsDvby8qbszdaD708xOe9D79FLTFA=="
    }
  }
}
